// !$*UTF8*$!
{
	archiveVersion = 1;
	classes = {
	};
	objectVersion = 46;
	objects = {

/* Begin PBXBuildFile section */
		35DEE6051BFC6ABD007B1FE8 /* main.m in Sources */ = {isa = PBXBuildFile; fileRef = 35DEE6041BFC6ABD007B1FE8 /* main.m */; };
		35DEE6081BFC6ABD007B1FE8 /* AppDelegate.m in Sources */ = {isa = PBXBuildFile; fileRef = 35DEE6071BFC6ABD007B1FE8 /* AppDelegate.m */; };
		35DEE60B1BFC6ABD007B1FE8 /* ViewController.m in Sources */ = {isa = PBXBuildFile; fileRef = 35DEE60A1BFC6ABD007B1FE8 /* ViewController.m */; };
		35DEE60E1BFC6ABD007B1FE8 /* Main.storyboard in Resources */ = {isa = PBXBuildFile; fileRef = 35DEE60C1BFC6ABD007B1FE8 /* Main.storyboard */; };
		35DEE6101BFC6ABD007B1FE8 /* Assets.xcassets in Resources */ = {isa = PBXBuildFile; fileRef = 35DEE60F1BFC6ABD007B1FE8 /* Assets.xcassets */; };
		35DEE6131BFC6ABD007B1FE8 /* LaunchScreen.storyboard in Resources */ = {isa = PBXBuildFile; fileRef = 35DEE6111BFC6ABD007B1FE8 /* LaunchScreen.storyboard */; };
		35DEE6201BFC6B77007B1FE8 /* HCDPageControl.m in Sources */ = {isa = PBXBuildFile; fileRef = 35DEE61F1BFC6B77007B1FE8 /* HCDPageControl.m */; };
		35DEE6231BFC7453007B1FE8 /* UIColor+HcdCustom.m in Sources */ = {isa = PBXBuildFile; fileRef = 35DEE6221BFC7453007B1FE8 /* UIColor+HcdCustom.m */; };
		35DEE6261BFC75C6007B1FE8 /* UIView+HcdCustom.m in Sources */ = {isa = PBXBuildFile; fileRef = 35DEE6251BFC75C6007B1FE8 /* UIView+HcdCustom.m */; };
		35DEE62A1BFC843C007B1FE8 /* iCarousel.m in Sources */ = {isa = PBXBuildFile; fileRef = 35DEE6291BFC843C007B1FE8 /* iCarousel.m */; };
/* End PBXBuildFile section */

/* Begin PBXFileReference section */
		35DEE6001BFC6ABD007B1FE8 /* hcdViewPager.app */ = {isa = PBXFileReference; explicitFileType = wrapper.application; includeInIndex = 0; path = hcdViewPager.app; sourceTree = BUILT_PRODUCTS_DIR; };
		35DEE6041BFC6ABD007B1FE8 /* main.m */ = {isa = PBXFileReference; lastKnownFileType = sourcecode.c.objc; path = main.m; sourceTree = "<group>"; };
		35DEE6061BFC6ABD007B1FE8 /* AppDelegate.h */ = {isa = PBXFileReference; lastKnownFileType = sourcecode.c.h; path = AppDelegate.h; sourceTree = "<group>"; };
		35DEE6071BFC6ABD007B1FE8 /* AppDelegate.m */ = {isa = PBXFileReference; lastKnownFileType = sourcecode.c.objc; path = AppDelegate.m; sourceTree = "<group>"; };
		35DEE6091BFC6ABD007B1FE8 /* ViewController.h */ = {isa = PBXFileReference; lastKnownFileType = sourcecode.c.h; path = ViewController.h; sourceTree = "<group>"; };
		35DEE60A1BFC6ABD007B1FE8 /* ViewController.m */ = {isa = PBXFileReference; lastKnownFileType = sourcecode.c.objc; path = ViewController.m; sourceTree = "<group>"; };
		35DEE60D1BFC6ABD007B1FE8 /* Base */ = {isa = PBXFileReference; lastKnownFileType = file.storyboard; name = Base; path = Base.lproj/Main.storyboard; sourceTree = "<group>"; };
		35DEE60F1BFC6ABD007B1FE8 /* Assets.xcassets */ = {isa = PBXFileReference; lastKnownFileType = folder.assetcatalog; path = Assets.xcassets; sourceTree = "<group>"; };
		35DEE6121BFC6ABD007B1FE8 /* Base */ = {isa = PBXFileReference; lastKnownFileType = file.storyboard; name = Base; path = Base.lproj/LaunchScreen.storyboard; sourceTree = "<group>"; };
		35DEE6141BFC6ABD007B1FE8 /* Info.plist */ = {isa = PBXFileReference; lastKnownFileType = text.plist.xml; path = Info.plist; sourceTree = "<group>"; };
		35DEE61E1BFC6B77007B1FE8 /* HCDPageControl.h */ = {isa = PBXFileReference; fileEncoding = 4; lastKnownFileType = sourcecode.c.h; path = HCDPageControl.h; sourceTree = "<group>"; };
		35DEE61F1BFC6B77007B1FE8 /* HCDPageControl.m */ = {isa = PBXFileReference; fileEncoding = 4; lastKnownFileType = sourcecode.c.objc; path = HCDPageControl.m; sourceTree = "<group>"; };
		35DEE6211BFC7453007B1FE8 /* UIColor+HcdCustom.h */ = {isa = PBXFileReference; fileEncoding = 4; lastKnownFileType = sourcecode.c.h; path = "UIColor+HcdCustom.h"; sourceTree = "<group>"; };
		35DEE6221BFC7453007B1FE8 /* UIColor+HcdCustom.m */ = {isa = PBXFileReference; fileEncoding = 4; lastKnownFileType = sourcecode.c.objc; path = "UIColor+HcdCustom.m"; sourceTree = "<group>"; };
		35DEE6241BFC75C6007B1FE8 /* UIView+HcdCustom.h */ = {isa = PBXFileReference; fileEncoding = 4; lastKnownFileType = sourcecode.c.h; path = "UIView+HcdCustom.h"; sourceTree = "<group>"; };
		35DEE6251BFC75C6007B1FE8 /* UIView+HcdCustom.m */ = {isa = PBXFileReference; fileEncoding = 4; lastKnownFileType = sourcecode.c.objc; path = "UIView+HcdCustom.m"; sourceTree = "<group>"; };
		35DEE6281BFC843C007B1FE8 /* iCarousel.h */ = {isa = PBXFileReference; fileEncoding = 4; lastKnownFileType = sourcecode.c.h; path = iCarousel.h; sourceTree = "<group>"; };
		35DEE6291BFC843C007B1FE8 /* iCarousel.m */ = {isa = PBXFileReference; fileEncoding = 4; lastKnownFileType = sourcecode.c.objc; path = iCarousel.m; sourceTree = "<group>"; };
/* End PBXFileReference section */

/* Begin PBXFrameworksBuildPhase section */
		35DEE5FD1BFC6ABD007B1FE8 /* Frameworks */ = {
			isa = PBXFrameworksBuildPhase;
			buildActionMask = 2147483647;
			files = (
			);
			runOnlyForDeploymentPostprocessing = 0;
		};
/* End PBXFrameworksBuildPhase section */

/* Begin PBXGroup section */
		35DEE5F71BFC6ABD007B1FE8 = {
			isa = PBXGroup;
			children = (
				35DEE6021BFC6ABD007B1FE8 /* hcdViewPager */,
				35DEE6011BFC6ABD007B1FE8 /* Products */,
			);
			sourceTree = "<group>";
		};
		35DEE6011BFC6ABD007B1FE8 /* Products */ = {
			isa = PBXGroup;
			children = (
				35DEE6001BFC6ABD007B1FE8 /* hcdViewPager.app */,
			);
			name = Products;
			sourceTree = "<group>";
		};
		35DEE6021BFC6ABD007B1FE8 /* hcdViewPager */ = {
			isa = PBXGroup;
			children = (
				35DEE6271BFC843C007B1FE8 /* iCarousel */,
				35DEE61A1BFC6AD7007B1FE8 /* hcdViewPager */,
				35DEE6061BFC6ABD007B1FE8 /* AppDelegate.h */,
				35DEE6071BFC6ABD007B1FE8 /* AppDelegate.m */,
				35DEE6091BFC6ABD007B1FE8 /* ViewController.h */,
				35DEE60A1BFC6ABD007B1FE8 /* ViewController.m */,
				35DEE60C1BFC6ABD007B1FE8 /* Main.storyboard */,
				35DEE60F1BFC6ABD007B1FE8 /* Assets.xcassets */,
				35DEE6111BFC6ABD007B1FE8 /* LaunchScreen.storyboard */,
				35DEE6141BFC6ABD007B1FE8 /* Info.plist */,
				35DEE6031BFC6ABD007B1FE8 /* Supporting Files */,
			);
			path = hcdViewPager;
			sourceTree = "<group>";
		};
		35DEE6031BFC6ABD007B1FE8 /* Supporting Files */ = {
			isa = PBXGroup;
			children = (
				35DEE6041BFC6ABD007B1FE8 /* main.m */,
			);
			name = "Supporting Files";
			sourceTree = "<group>";
		};
		35DEE61A1BFC6AD7007B1FE8 /* hcdViewPager */ = {
			isa = PBXGroup;
			children = (
				35DEE6211BFC7453007B1FE8 /* UIColor+HcdCustom.h */,
				35DEE6221BFC7453007B1FE8 /* UIColor+HcdCustom.m */,
				35DEE6241BFC75C6007B1FE8 /* UIView+HcdCustom.h */,
				35DEE6251BFC75C6007B1FE8 /* UIView+HcdCustom.m */,
				35DEE61E1BFC6B77007B1FE8 /* HCDPageControl.h */,
				35DEE61F1BFC6B77007B1FE8 /* HCDPageControl.m */,
			);
			path = hcdViewPager;
			sourceTree = "<group>";
		};
		35DEE6271BFC843C007B1FE8 /* iCarousel */ = {
			isa = PBXGroup;
			children = (
				35DEE6281BFC843C007B1FE8 /* iCarousel.h */,
				35DEE6291BFC843C007B1FE8 /* iCarousel.m */,
			);
			name = iCarousel;
			path = hcdViewPager/iCarousel;
			sourceTree = "<group>";
		};
/* End PBXGroup section */

/* Begin PBXNativeTarget section */
		35DEE5FF1BFC6ABD007B1FE8 /* hcdViewPager */ = {
			isa = PBXNativeTarget;
			buildConfigurationList = 35DEE6171BFC6ABD007B1FE8 /* Build configuration list for PBXNativeTarget "hcdViewPager" */;
			buildPhases = (
				35DEE5FC1BFC6ABD007B1FE8 /* Sources */,
				35DEE5FD1BFC6ABD007B1FE8 /* Frameworks */,
				35DEE5FE1BFC6ABD007B1FE8 /* Resources */,
			);
			buildRules = (
			);
			dependencies = (
			);
			name = hcdViewPager;
			productName = hcdViewPager;
			productReference = 35DEE6001BFC6ABD007B1FE8 /* hcdViewPager.app */;
			productType = "com.apple.product-type.application";
		};
/* End PBXNativeTarget section */

/* Begin PBXProject section */
		35DEE5F81BFC6ABD007B1FE8 /* Project object */ = {
			isa = PBXProject;
			attributes = {
				LastUpgradeCheck = 0710;
				ORGANIZATIONNAME = Polesapp;
				TargetAttributes = {
					35DEE5FF1BFC6ABD007B1FE8 = {
						CreatedOnToolsVersion = 7.1;
					};
				};
			};
			buildConfigurationList = 35DEE5FB1BFC6ABD007B1FE8 /* Build configuration list for PBXProject "hcdViewPager" */;
			compatibilityVersion = "Xcode 3.2";
			developmentRegion = English;
			hasScannedForEncodings = 0;
			knownRegions = (
				en,
				Base,
			);
			mainGroup = 35DEE5F71BFC6ABD007B1FE8;
			productRefGroup = 35DEE6011BFC6ABD007B1FE8 /* Products */;
			projectDirPath = "";
			projectRoot = "";
			targets = (
				35DEE5FF1BFC6ABD007B1FE8 /* hcdViewPager */,
			);
		};
/* End PBXProject section */

/* Begin PBXResourcesBuildPhase section */
		35DEE5FE1BFC6ABD007B1FE8 /* Resources */ = {
			isa = PBXResourcesBuildPhase;
			buildActionMask = 2147483647;
			files = (
				35DEE6131BFC6ABD007B1FE8 /* LaunchScreen.storyboard in Resources */,
				35DEE6101BFC6ABD007B1FE8 /* Assets.xcassets in Resources */,
				35DEE60E1BFC6ABD007B1FE8 /* Main.storyboard in Resources */,
			);
			runOnlyForDeploymentPostprocessing = 0;
		};
/* End PBXResourcesBuildPhase section */

/* Begin PBXSourcesBuildPhase section */
		35DEE5FC1BFC6ABD007B1FE8 /* Sources */ = {
			isa = PBXSourcesBuildPhase;
			buildActionMask = 2147483647;
			files = (
				35DEE6201BFC6B77007B1FE8 /* HCDPageControl.m in Sources */,
				35DEE60B1BFC6ABD007B1FE8 /* ViewController.m in Sources */,
				35DEE6231BFC7453007B1FE8 /* UIColor+HcdCustom.m in Sources */,
				35DEE6261BFC75C6007B1FE8 /* UIView+HcdCustom.m in Sources */,
				35DEE6081BFC6ABD007B1FE8 /* AppDelegate.m in Sources */,
				35DEE62A1BFC843C007B1FE8 /* iCarousel.m in Sources */,
				35DEE6051BFC6ABD007B1FE8 /* main.m in Sources */,
			);
			runOnlyForDeploymentPostprocessing = 0;
		};
/* End PBXSourcesBuildPhase section */

/* Begin PBXVariantGroup section */
		35DEE60C1BFC6ABD007B1FE8 /* Main.storyboard */ = {
			isa = PBXVariantGroup;
			children = (
				35DEE60D1BFC6ABD007B1FE8 /* Base */,
			);
			name = Main.storyboard;
			sourceTree = "<group>";
		};
		35DEE6111BFC6ABD007B1FE8 /* LaunchScreen.storyboard */ = {
			isa = PBXVariantGroup;
			children = (
				35DEE6121BFC6ABD007B1FE8 /* Base */,
			);
			name = LaunchScreen.storyboard;
			sourceTree = "<group>";
		};
/* End PBXVariantGroup section */

/* Begin XCBuildConfiguration section */
		35DEE6151BFC6ABD007B1FE8 /* Debug */ = {
			isa = XCBuildConfiguration;
			buildSettings = {
				ALWAYS_SEARCH_USER_PATHS = NO;
				CLANG_CXX_LANGUAGE_STANDARD = "gnu++0x";
				CLANG_CXX_LIBRARY = "libc++";
				CLANG_ENABLE_MODULES = YES;
				CLANG_ENABLE_OBJC_ARC = YES;
				CLANG_WARN_BOOL_CONVERSION = YES;
				CLANG_WARN_CONSTANT_CONVERSION = YES;
				CLANG_WARN_DIRECT_OBJC_ISA_USAGE = YES_ERROR;
				CLANG_WARN_EMPTY_BODY = YES;
				CLANG_WARN_ENUM_CONVERSION = YES;
				CLANG_WARN_INT_CONVERSION = YES;
				CLANG_WARN_OBJC_ROOT_CLASS = YES_ERROR;
				CLANG_WARN_UNREACHABLE_CODE = YES;
				CLANG_WARN__DUPLICATE_METHOD_MATCH = YES;
				"CODE_SIGN_IDENTITY[sdk=iphoneos*]" = "iPhone Developer";
				COPY_PHASE_STRIP = NO;
				DEBUG_INFORMATION_FORMAT = dwarf;
				ENABLE_STRICT_OBJC_MSGSEND = YES;
				ENABLE_TESTABILITY = YES;
				GCC_C_LANGUAGE_STANDARD = gnu99;
				GCC_DYNAMIC_NO_PIC = NO;
				GCC_NO_COMMON_BLOCKS = YES;
				GCC_OPTIMIZATION_LEVEL = 0;
				GCC_PREPROCESSOR_DEFINITIONS = (
					"DEBUG=1",
					"$(inherited)",
				);
				GCC_WARN_64_TO_32_BIT_CONVERSION = YES;
				GCC_WARN_ABOUT_RETURN_TYPE = YES_ERROR;
				GCC_WARN_UNDECLARED_SELECTOR = YES;
				GCC_WARN_UNINITIALIZED_AUTOS = YES_AGGRESSIVE;
				GCC_WARN_UNUSED_FUNCTION = YES;
				GCC_WARN_UNUSED_VARIABLE = YES;
				IPHONEOS_DEPLOYMENT_TARGET = 9.1;
				MTL_ENABLE_DEBUG_INFO = YES;
				ONLY_ACTIVE_ARCH = YES;
				SDKROOT = iphoneos;
			};
			name = Debug;
		};
		35DEE6161BFC6ABD007B1FE8 /* Release */ = {
			isa = XCBuildConfiguration;
			buildSettings = {
				ALWAYS_SEARCH_USER_PATHS = NO;
				CLANG_CXX_LANGUAGE_STANDARD = "gnu++0x";
				CLANG_CXX_LIBRARY = "libc++";
				CLANG_ENABLE_MODULES = YES;
				CLANG_ENABLE_OBJC_ARC = YES;
				CLANG_WARN_BOOL_CONVERSION = YES;
				CLANG_WARN_CONSTANT_CONVERSION = YES;
				CLANG_WARN_DIRECT_OBJC_ISA_USAGE = YES_ERROR;
				CLANG_WARN_EMPTY_BODY = YES;
				CLANG_WARN_ENUM_CONVERSION = YES;
				CLANG_WARN_INT_CONVERSION = YES;
				CLANG_WARN_OBJC_ROOT_CLASS = YES_ERROR;
				CLANG_WARN_UNREACHABLE_CODE = YES;
				CLANG_WARN__DUPLICATE_METHOD_MATCH = YES;
				"CODE_SIGN_IDENTITY[sdk=iphoneos*]" = "iPhone Developer";
				COPY_PHASE_STRIP = NO;
				DEBUG_INFORMATION_FORMAT = "dwarf-with-dsym";
				ENABLE_NS_ASSERTIONS = NO;
				ENABLE_STRICT_OBJC_MSGSEND = YES;
				GCC_C_LANGUAGE_STANDARD = gnu99;
				GCC_NO_COMMON_BLOCKS = YES;
				GCC_WARN_64_TO_32_BIT_CONVERSION = YES;
				GCC_WARN_ABOUT_RETURN_TYPE = YES_ERROR;
				GCC_WARN_UNDECLARED_SELECTOR = YES;
				GCC_WARN_UNINITIALIZED_AUTOS = YES_AGGRESSIVE;
				GCC_WARN_UNUSED_FUNCTION = YES;
				GCC_WARN_UNUSED_VARIABLE = YES;
				IPHONEOS_DEPLOYMENT_TARGET = 9.1;
				MTL_ENABLE_DEBUG_INFO = NO;
				SDKROOT = iphoneos;
				VALIDATE_PRODUCT = YES;
			};
			name = Release;
		};
		35DEE6181BFC6ABD007B1FE8 /* Debug */ = {
			isa = XCBuildConfiguration;
			buildSettings = {
				ASSETCATALOG_COMPILER_APPICON_NAME = AppIcon;
				INFOPLIST_FILE = hcdViewPager/Info.plist;
				LD_RUNPATH_SEARCH_PATHS = "$(inherited) @executable_path/Frameworks";
				PRODUCT_BUNDLE_IDENTIFIER = com.polesapp.hcdViewPager;
				PRODUCT_NAME = "$(TARGET_NAME)";
			};
			name = Debug;
		};
		35DEE6191BFC6ABD007B1FE8 /* Release */ = {
			isa = XCBuildConfiguration;
			buildSettings = {
				ASSETCATALOG_COMPILER_APPICON_NAME = AppIcon;
				INFOPLIST_FILE = hcdViewPager/Info.plist;
				LD_RUNPATH_SEARCH_PATHS = "$(inherited) @executable_path/Frameworks";
				PRODUCT_BUNDLE_IDENTIFIER = com.polesapp.hcdViewPager;
				PRODUCT_NAME = "$(TARGET_NAME)";
			};
			name = Release;
		};
/* End XCBuildConfiguration section */

/* Begin XCConfigurationList section */
		35DEE5FB1BFC6ABD007B1FE8 /* Build configuration list for PBXProject "hcdViewPager" */ = {
			isa = XCConfigurationList;
			buildConfigurations = (
				35DEE6151BFC6ABD007B1FE8 /* Debug */,
				35DEE6161BFC6ABD007B1FE8 /* Release */,
			);
			defaultConfigurationIsVisible = 0;
			defaultConfigurationName = Release;
		};
		35DEE6171BFC6ABD007B1FE8 /* Build configuration list for PBXNativeTarget "hcdViewPager" */ = {
			isa = XCConfigurationList;
			buildConfigurations = (
				35DEE6181BFC6ABD007B1FE8 /* Debug */,
				35DEE6191BFC6ABD007B1FE8 /* Release */,
			);
			defaultConfigurationIsVisible = 0;
		};
/* End XCConfigurationList section */
	};
	rootObject = 35DEE5F81BFC6ABD007B1FE8 /* Project object */;
}
